// !$*UTF8*$!
{
	archiveVersion = 1;
	classes = {
	};
	objectVersion = 46;
	objects = {

/* Begin PBXBuildFile section */
		8A1F35561EDAF5F800521B10 /* FancyButton.swift in Sources */ = {isa = PBXBuildFile; fileRef = 8A1F35551EDAF5F800521B10 /* FancyButton.swift */; };
		8A25E7681EE1F30600BF7E93 /* GoogleMobileAds.framework in Frameworks */ = {isa = PBXBuildFile; fileRef = 8A25E7671EE1F30600BF7E93 /* GoogleMobileAds.framework */; };
		8A25E76A1EE1F3AC00BF7E93 /* GoogleService-Info.plist in Resources */ = {isa = PBXBuildFile; fileRef = 8A25E7691EE1F3AC00BF7E93 /* GoogleService-Info.plist */; };
		8A6F68571E862EBC00045F7F /* VSComputerGame.swift in Sources */ = {isa = PBXBuildFile; fileRef = 8A6F68561E862EBC00045F7F /* VSComputerGame.swift */; };
		8AF2D8361E7EA9770051C137 /* AppDelegate.swift in Sources */ = {isa = PBXBuildFile; fileRef = 8AF2D8351E7EA9770051C137 /* AppDelegate.swift */; };
		8AF2D8381E7EA9770051C137 /* ViewController.swift in Sources */ = {isa = PBXBuildFile; fileRef = 8AF2D8371E7EA9770051C137 /* ViewController.swift */; };
		8AF2D83B1E7EA9770051C137 /* Main.storyboard in Resources */ = {isa = PBXBuildFile; fileRef = 8AF2D8391E7EA9770051C137 /* Main.storyboard */; };
		8AF2D83D1E7EA9770051C137 /* Assets.xcassets in Resources */ = {isa = PBXBuildFile; fileRef = 8AF2D83C1E7EA9770051C137 /* Assets.xcassets */; };
		8AF2D8401E7EA9770051C137 /* LaunchScreen.storyboard in Resources */ = {isa = PBXBuildFile; fileRef = 8AF2D83E1E7EA9770051C137 /* LaunchScreen.storyboard */; };
		8AF2D8481E7EAD720051C137 /* Game.swift in Sources */ = {isa = PBXBuildFile; fileRef = 8AF2D8471E7EAD720051C137 /* Game.swift */; };
		8AF9414F1E8A2EC500B72E19 /* NearbyGame.swift in Sources */ = {isa = PBXBuildFile; fileRef = 8AF9414E1E8A2EC500B72E19 /* NearbyGame.swift */; };
/* End PBXBuildFile section */

/* Begin PBXFileReference section */
		8A1F35551EDAF5F800521B10 /* FancyButton.swift */ = {isa = PBXFileReference; fileEncoding = 4; lastKnownFileType = sourcecode.swift; path = FancyButton.swift; sourceTree = "<group>"; };
		8A25E7671EE1F30600BF7E93 /* GoogleMobileAds.framework */ = {isa = PBXFileReference; lastKnownFileType = wrapper.framework; path = GoogleMobileAds.framework; sourceTree = "<group>"; };
		8A25E7691EE1F3AC00BF7E93 /* GoogleService-Info.plist */ = {isa = PBXFileReference; fileEncoding = 4; lastKnownFileType = text.plist.xml; path = "GoogleService-Info.plist"; sourceTree = "<group>"; };
		8A6F68561E862EBC00045F7F /* VSComputerGame.swift */ = {isa = PBXFileReference; fileEncoding = 4; lastKnownFileType = sourcecode.swift; path = VSComputerGame.swift; sourceTree = "<group>"; };
		8AF2D8321E7EA9770051C137 /* tic tac toe.app */ = {isa = PBXFileReference; explicitFileType = wrapper.application; includeInIndex = 0; path = "tic tac toe.app"; sourceTree = BUILT_PRODUCTS_DIR; };
		8AF2D8351E7EA9770051C137 /* AppDelegate.swift */ = {isa = PBXFileReference; lastKnownFileType = sourcecode.swift; path = AppDelegate.swift; sourceTree = "<group>"; };
		8AF2D8371E7EA9770051C137 /* ViewController.swift */ = {isa = PBXFileReference; lastKnownFileType = sourcecode.swift; path = ViewController.swift; sourceTree = "<group>"; };
		8AF2D83A1E7EA9770051C137 /* Base */ = {isa = PBXFileReference; lastKnownFileType = file.storyboard; name = Base; path = Base.lproj/Main.storyboard; sourceTree = "<group>"; };
		8AF2D83C1E7EA9770051C137 /* Assets.xcassets */ = {isa = PBXFileReference; lastKnownFileType = folder.assetcatalog; path = Assets.xcassets; sourceTree = "<group>"; };
		8AF2D83F1E7EA9770051C137 /* Base */ = {isa = PBXFileReference; lastKnownFileType = file.storyboard; name = Base; path = Base.lproj/LaunchScreen.storyboard; sourceTree = "<group>"; };
		8AF2D8411E7EA9770051C137 /* Info.plist */ = {isa = PBXFileReference; lastKnownFileType = text.plist.xml; path = Info.plist; sourceTree = "<group>"; };
		8AF2D8471E7EAD720051C137 /* Game.swift */ = {isa = PBXFileReference; fileEncoding = 4; lastKnownFileType = sourcecode.swift; path = Game.swift; sourceTree = "<group>"; };
		8AF9414E1E8A2EC500B72E19 /* NearbyGame.swift */ = {isa = PBXFileReference; fileEncoding = 4; lastKnownFileType = sourcecode.swift; path = NearbyGame.swift; sourceTree = "<group>"; };
/* End PBXFileReference section */

/* Begin PBXFrameworksBuildPhase section */
		8AF2D82F1E7EA9760051C137 /* Frameworks */ = {
			isa = PBXFrameworksBuildPhase;
			buildActionMask = 2147483647;
			files = (
				8A25E7681EE1F30600BF7E93 /* GoogleMobileAds.framework in Frameworks */,
			);
			runOnlyForDeploymentPostprocessing = 0;
		};
/* End PBXFrameworksBuildPhase section */

/* Begin PBXGroup section */
		8AF2D8291E7EA9760051C137 = {
			isa = PBXGroup;
			children = (
				8A25E7671EE1F30600BF7E93 /* GoogleMobileAds.framework */,
				8AF2D8341E7EA9770051C137 /* tic tac toe */,
				8AF2D8331E7EA9770051C137 /* Products */,
			);
			sourceTree = "<group>";
		};
		8AF2D8331E7EA9770051C137 /* Products */ = {
			isa = PBXGroup;
			children = (
				8AF2D8321E7EA9770051C137 /* tic tac toe.app */,
			);
			name = Products;
			sourceTree = "<group>";
		};
		8AF2D8341E7EA9770051C137 /* tic tac toe */ = {
			isa = PBXGroup;
			children = (
				8A25E7691EE1F3AC00BF7E93 /* GoogleService-Info.plist */,
				8AF2D8351E7EA9770051C137 /* AppDelegate.swift */,
				8AF2D8371E7EA9770051C137 /* ViewController.swift */,
				8AF2D8391E7EA9770051C137 /* Main.storyboard */,
				8A1F35551EDAF5F800521B10 /* FancyButton.swift */,
				8AF9414E1E8A2EC500B72E19 /* NearbyGame.swift */,
				8AF2D8471E7EAD720051C137 /* Game.swift */,
				8AF2D83C1E7EA9770051C137 /* Assets.xcassets */,
				8AF2D83E1E7EA9770051C137 /* LaunchScreen.storyboard */,
				8AF2D8411E7EA9770051C137 /* Info.plist */,
				8A6F68561E862EBC00045F7F /* VSComputerGame.swift */,
			);
			path = "tic tac toe";
			sourceTree = "<group>";
		};
/* End PBXGroup section */

/* Begin PBXNativeTarget section */
		8AF2D8311E7EA9760051C137 /* tic tac toe */ = {
			isa = PBXNativeTarget;
			buildConfigurationList = 8AF2D8441E7EA9770051C137 /* Build configuration list for PBXNativeTarget "tic tac toe" */;
			buildPhases = (
				8AF2D82E1E7EA9760051C137 /* Sources */,
				8AF2D82F1E7EA9760051C137 /* Frameworks */,
				8AF2D8301E7EA9760051C137 /* Resources */,
			);
			buildRules = (
			);
			dependencies = (
			);
			name = "tic tac toe";
			productName = "tic tac toe";
			productReference = 8AF2D8321E7EA9770051C137 /* tic tac toe.app */;
			productType = "com.apple.product-type.application";
		};
/* End PBXNativeTarget section */

/* Begin PBXProject section */
		8AF2D82A1E7EA9760051C137 /* Project object */ = {
			isa = PBXProject;
			attributes = {
				LastSwiftUpdateCheck = 0820;
				LastUpgradeCheck = 0900;
				ORGANIZATIONNAME = "Salil Malik";
				TargetAttributes = {
					8AF2D8311E7EA9760051C137 = {
						CreatedOnToolsVersion = 8.2.1;
						DevelopmentTeam = 6FD4322Q47;
						ProvisioningStyle = Automatic;
					};
				};
			};
			buildConfigurationList = 8AF2D82D1E7EA9760051C137 /* Build configuration list for PBXProject "tic tac toe" */;
			compatibilityVersion = "Xcode 3.2";
			developmentRegion = English;
			hasScannedForEncodings = 0;
			knownRegions = (
				en,
				Base,
			);
			mainGroup = 8AF2D8291E7EA9760051C137;
			productRefGroup = 8AF2D8331E7EA9770051C137 /* Products */;
			projectDirPath = "";
			projectRoot = "";
			targets = (
				8AF2D8311E7EA9760051C137 /* tic tac toe */,
			);
		};
/* End PBXProject section */

/* Begin PBXResourcesBuildPhase section */
		8AF2D8301E7EA9760051C137 /* Resources */ = {
			isa = PBXResourcesBuildPhase;
			buildActionMask = 2147483647;
			files = (
				8AF2D8401E7EA9770051C137 /* LaunchScreen.storyboard in Resources */,
				8AF2D83D1E7EA9770051C137 /* Assets.xcassets in Resources */,
				8AF2D83B1E7EA9770051C137 /* Main.storyboard in Resources */,
				8A25E76A1EE1F3AC00BF7E93 /* GoogleService-Info.plist in Resources */,
			);
			runOnlyForDeploymentPostprocessing = 0;
		};
/* End PBXResourcesBuildPhase section */

/* Begin PBXSourcesBuildPhase section */
		8AF2D82E1E7EA9760051C137 /* Sources */ = {
			isa = PBXSourcesBuildPhase;
			buildActionMask = 2147483647;
			files = (
				8AF2D8381E7EA9770051C137 /* ViewController.swift in Sources */,
				8AF9414F1E8A2EC500B72E19 /* NearbyGame.swift in Sources */,
				8A6F68571E862EBC00045F7F /* VSComputerGame.swift in Sources */,
				8A1F35561EDAF5F800521B10 /* FancyButton.swift in Sources */,
				8AF2D8481E7EAD720051C137 /* Game.swift in Sources */,
				8AF2D8361E7EA9770051C137 /* AppDelegate.swift in Sources */,
			);
			runOnlyForDeploymentPostprocessing = 0;
		};
/* End PBXSourcesBuildPhase section */

/* Begin PBXVariantGroup section */
		8AF2D8391E7EA9770051C137 /* Main.storyboard */ = {
			isa = PBXVariantGroup;
			children = (
				8AF2D83A1E7EA9770051C137 /* Base */,
			);
			name = Main.storyboard;
			sourceTree = "<group>";
		};
		8AF2D83E1E7EA9770051C137 /* LaunchScreen.storyboard */ = {
			isa = PBXVariantGroup;
			children = (
				8AF2D83F1E7EA9770051C137 /* Base */,
			);
			name = LaunchScreen.storyboard;
			sourceTree = "<group>";
		};
/* End PBXVariantGroup section */

/* Begin XCBuildConfiguration section */
		8AF2D8421E7EA9770051C137 /* Debug */ = {
			isa = XCBuildConfiguration;
			buildSettings = {
				ALWAYS_SEARCH_USER_PATHS = NO;
				CLANG_ANALYZER_NONNULL = YES;
				CLANG_CXX_LANGUAGE_STANDARD = "gnu++0x";
				CLANG_CXX_LIBRARY = "libc++";
				CLANG_ENABLE_MODULES = YES;
				CLANG_ENABLE_OBJC_ARC = YES;
				CLANG_WARN_BLOCK_CAPTURE_AUTORELEASING = YES;
				CLANG_WARN_BOOL_CONVERSION = YES;
				CLANG_WARN_COMMA = YES;
				CLANG_WARN_CONSTANT_CONVERSION = YES;
				CLANG_WARN_DIRECT_OBJC_ISA_USAGE = YES_ERROR;
				CLANG_WARN_DOCUMENTATION_COMMENTS = YES;
				CLANG_WARN_EMPTY_BODY = YES;
				CLANG_WARN_ENUM_CONVERSION = YES;
				CLANG_WARN_INFINITE_RECURSION = YES;
				CLANG_WARN_INT_CONVERSION = YES;
				CLANG_WARN_NON_LITERAL_NULL_CONVERSION = YES;
				CLANG_WARN_OBJC_LITERAL_CONVERSION = YES;
				CLANG_WARN_OBJC_ROOT_CLASS = YES_ERROR;
				CLANG_WARN_RANGE_LOOP_ANALYSIS = YES;
				CLANG_WARN_STRICT_PROTOTYPES = YES;
				CLANG_WARN_SUSPICIOUS_MOVE = YES;
				CLANG_WARN_UNREACHABLE_CODE = YES;
				CLANG_WARN__DUPLICATE_METHOD_MATCH = YES;
				"CODE_SIGN_IDENTITY[sdk=iphoneos*]" = "iPhone Developer";
				COPY_PHASE_STRIP = NO;
				DEBUG_INFORMATION_FORMAT = dwarf;
				ENABLE_STRICT_OBJC_MSGSEND = YES;
				ENABLE_TESTABILITY = YES;
				GCC_C_LANGUAGE_STANDARD = gnu99;
				GCC_DYNAMIC_NO_PIC = NO;
				GCC_NO_COMMON_BLOCKS = YES;
				GCC_OPTIMIZATION_LEVEL = 0;
				GCC_PREPROCESSOR_DEFINITIONS = (
					"DEBUG=1",
					"$(inherited)",
				);
				GCC_WARN_64_TO_32_BIT_CONVERSION = YES;
				GCC_WARN_ABOUT_RETURN_TYPE = YES_ERROR;
				GCC_WARN_UNDECLARED_SELECTOR = YES;
				GCC_WARN_UNINITIALIZED_AUTOS = YES_AGGRESSIVE;
				GCC_WARN_UNUSED_FUNCTION = YES;
				GCC_WARN_UNUSED_VARIABLE = YES;
				IPHONEOS_DEPLOYMENT_TARGET = 10.2;
				MTL_ENABLE_DEBUG_INFO = YES;
				ONLY_ACTIVE_ARCH = YES;
				SDKROOT = iphoneos;
				SWIFT_ACTIVE_COMPILATION_CONDITIONS = DEBUG;
				SWIFT_OPTIMIZATION_LEVEL = "-Onone";
			};
			name = Debug;
		};
		8AF2D8431E7EA9770051C137 /* Release */ = {
			isa = XCBuildConfiguration;
			buildSettings = {
				ALWAYS_SEARCH_USER_PATHS = NO;
				CLANG_ANALYZER_NONNULL = YES;
				CLANG_CXX_LANGUAGE_STANDARD = "gnu++0x";
				CLANG_CXX_LIBRARY = "libc++";
				CLANG_ENABLE_MODULES = YES;
				CLANG_ENABLE_OBJC_ARC = YES;
				CLANG_WARN_BLOCK_CAPTURE_AUTORELEASING = YES;
				CLANG_WARN_BOOL_CONVERSION = YES;
				CLANG_WARN_COMMA = YES;
				CLANG_WARN_CONSTANT_CONVERSION = YES;
				CLANG_WARN_DIRECT_OBJC_ISA_USAGE = YES_ERROR;
				CLANG_WARN_DOCUMENTATION_COMMENTS = YES;
				CLANG_WARN_EMPTY_BODY = YES;
				CLANG_WARN_ENUM_CONVERSION = YES;
				CLANG_WARN_INFINITE_RECURSION = YES;
				CLANG_WARN_INT_CONVERSION = YES;
				CLANG_WARN_NON_LITERAL_NULL_CONVERSION = YES;
				CLANG_WARN_OBJC_LITERAL_CONVERSION = YES;
				CLANG_WARN_OBJC_ROOT_CLASS = YES_ERROR;
				CLANG_WARN_RANGE_LOOP_ANALYSIS = YES;
				CLANG_WARN_STRICT_PROTOTYPES = YES;
				CLANG_WARN_SUSPICIOUS_MOVE = YES;
				CLANG_WARN_UNREACHABLE_CODE = YES;
				CLANG_WARN__DUPLICATE_METHOD_MATCH = YES;
				"CODE_SIGN_IDENTITY[sdk=iphoneos*]" = "iPhone Developer";
				COPY_PHASE_STRIP = NO;
				DEBUG_INFORMATION_FORMAT = "dwarf-with-dsym";
				ENABLE_NS_ASSERTIONS = NO;
				ENABLE_STRICT_OBJC_MSGSEND = YES;
				GCC_C_LANGUAGE_STANDARD = gnu99;
				GCC_NO_COMMON_BLOCKS = YES;
				GCC_WARN_64_TO_32_BIT_CONVERSION = YES;
				GCC_WARN_ABOUT_RETURN_TYPE = YES_ERROR;
				GCC_WARN_UNDECLARED_SELECTOR = YES;
				GCC_WARN_UNINITIALIZED_AUTOS = YES_AGGRESSIVE;
				GCC_WARN_UNUSED_FUNCTION = YES;
				GCC_WARN_UNUSED_VARIABLE = YES;
				IPHONEOS_DEPLOYMENT_TARGET = 10.2;
				MTL_ENABLE_DEBUG_INFO = NO;
				SDKROOT = iphoneos;
				SWIFT_OPTIMIZATION_LEVEL = "-Owholemodule";
				VALIDATE_PRODUCT = YES;
			};
			name = Release;
		};
		8AF2D8451E7EA9770051C137 /* Debug */ = {
			isa = XCBuildConfiguration;
			buildSettings = {
				ASSETCATALOG_COMPILER_APPICON_NAME = AppIcon;
				DEVELOPMENT_TEAM = 6FD4322Q47;
				FRAMEWORK_SEARCH_PATHS = (
					"$(inherited)",
					"$(PROJECT_DIR)",
				);
				INFOPLIST_FILE = "tic tac toe/Info.plist";
				IPHONEOS_DEPLOYMENT_TARGET = 9.0;
				LD_RUNPATH_SEARCH_PATHS = "$(inherited) @executable_path/Frameworks";
				PRODUCT_BUNDLE_IDENTIFIER = "com.salil.tic-tac-toe";
				PRODUCT_NAME = "$(TARGET_NAME)";
				SWIFT_VERSION = 3.0;
			};
			name = Debug;
		};
		8AF2D8461E7EA9770051C137 /* Release */ = {
			isa = XCBuildConfiguration;
			buildSettings = {
				ASSETCATALOG_COMPILER_APPICON_NAME = AppIcon;
				DEVELOPMENT_TEAM = 6FD4322Q47;
				FRAMEWORK_SEARCH_PATHS = (
					"$(inherited)",
					"$(PROJECT_DIR)",
				);
				INFOPLIST_FILE = "tic tac toe/Info.plist";
				IPHONEOS_DEPLOYMENT_TARGET = 9.0;
				LD_RUNPATH_SEARCH_PATHS = "$(inherited) @executable_path/Frameworks";
				PRODUCT_BUNDLE_IDENTIFIER = "com.salil.tic-tac-toe";
				PRODUCT_NAME = "$(TARGET_NAME)";
				SWIFT_VERSION = 3.0;
			};
			name = Release;
		};
/* End XCBuildConfiguration section */

/* Begin XCConfigurationList section */
		8AF2D82D1E7EA9760051C137 /* Build configuration list for PBXProject "tic tac toe" */ = {
			isa = XCConfigurationList;
			buildConfigurations = (
				8AF2D8421E7EA9770051C137 /* Debug */,
				8AF2D8431E7EA9770051C137 /* Release */,
			);
			defaultConfigurationIsVisible = 0;
			defaultConfigurationName = Release;
		};
		8AF2D8441E7EA9770051C137 /* Build configuration list for PBXNativeTarget "tic tac toe" */ = {
			isa = XCConfigurationList;
			buildConfigurations = (
				8AF2D8451E7EA9770051C137 /* Debug */,
				8AF2D8461E7EA9770051C137 /* Release */,
			);
			defaultConfigurationIsVisible = 0;
			defaultConfigurationName = Release;
		};
/* End XCConfigurationList section */
	};
	rootObject = 8AF2D82A1E7EA9760051C137 /* Project object */;
}
